<?xml version="1.0" encoding="utf-8"?>
<Project ToolsVersion="4.0" xmlns="http://schemas.microsoft.com/developer/msbuild/2003">
  <ItemGroup>
    <Filter Include="Source Files">
      <UniqueIdentifier>{4FC737F1-C7A5-4376-A066-2A32D752A2FF}</UniqueIdentifier>
      <Extensions>cpp;c;cc;cxx;def;odl;idl;hpj;bat;asm;asmx</Extensions>
    </Filter>
    <Filter Include="Header Files">
      <UniqueIdentifier>{93995380-89BD-4b04-88EB-625FBE52EBFB}</UniqueIdentifier>
      <Extensions>h;hh;hpp;hxx;hm;inl;inc;xsd</Extensions>
    </Filter>
    <Filter Include="Resource Files">
      <UniqueIdentifier>{67DA6AB6-F800-4c08-8B7A-83BB121AAD01}</UniqueIdentifier>
      <Extensions>rc;ico;cur;bmp;dlg;rc2;rct;bin;rgs;gif;jpg;jpeg;jpe;resx;tiff;tif;png;wav;mfcribbon-ms</Extensions>
    </Filter>
    <Filter Include="Header Files\Actions">
      <UniqueIdentifier>{c41a5c62-5d03-48c3-a9b4-60ffc685e578}</UniqueIdentifier>
    </Filter>
    <Filter Include="Source Files\Actions">
      <UniqueIdentifier>{6312b09d-e754-4d83-999f-e56ac4e5f82f}</UniqueIdentifier>
    </Filter>
    <Filter Include="Header Files\Actions\Attacks">
      <UniqueIdentifier>{289fd5f5-6b67-498c-ba47-b416822d48fc}</UniqueIdentifier>
    </Filter>
    <Filter Include="Source Files\Actions\Attacks">
      <UniqueIdentifier>{4b1e149d-8711-4624-b47f-eed254d09aaa}</UniqueIdentifier>
    </Filter>
  </ItemGroup>
  <ItemGroup>
    <Text Include="ReadMe.txt" />
  </ItemGroup>
  <ItemGroup>
    <ClInclude Include="stdafx.h">
      <Filter>Header Files</Filter>
    </ClInclude>
    <ClInclude Include="targetver.h">
      <Filter>Header Files</Filter>
    </ClInclude>
    <ClInclude Include="Agent.h">
      <Filter>Header Files</Filter>
    </ClInclude>
    <ClInclude Include="Action.h">
      <Filter>Header Files\Actions</Filter>
    </ClInclude>
    <ClInclude Include="Camera.h">
      <Filter>Header Files</Filter>
    </ClInclude>
    <ClInclude Include="Attack.h">
      <Filter>Header Files\Actions\Attacks</Filter>
    </ClInclude>
    <ClInclude Include="PathGraph.h">
      <Filter>Header Files</Filter>
    </ClInclude>
    <ClInclude Include="PathFinder.h">
      <Filter>Header Files</Filter>
    </ClInclude>
    <ClInclude Include="BasicMelee.h">
      <Filter>Header Files\Actions\Attacks</Filter>
    </ClInclude>
    <ClInclude Include="AIApplication.h">
      <Filter>Header Files</Filter>
    </ClInclude>
    <ClInclude Include="Wander.h">
      <Filter>Header Files\Actions</Filter>
    </ClInclude>
    <ClInclude Include="BasicMagic.h">
      <Filter>Header Files\Actions\Attacks</Filter>
    </ClInclude>
    <ClInclude Include="Projectile.h">
      <Filter>Header Files</Filter>
    </ClInclude>
    <ClInclude Include="BasicRange.h">
      <Filter>Header Files\Actions\Attacks</Filter>
    </ClInclude>
    <ClInclude Include="Obstacle.h">
      <Filter>Header Files</Filter>
    </ClInclude>
    <ClInclude Include="Flee.h">
      <Filter>Header Files\Actions</Filter>
    </ClInclude>
    <ClInclude Include="Charge.h">
      <Filter>Header Files\Actions</Filter>
    </ClInclude>
    <ClInclude Include="Heal.h">
      <Filter>Header Files\Actions</Filter>
    </ClInclude>
    <ClInclude Include="Fountain.h">
      <Filter>Header Files</Filter>
    </ClInclude>
    <ClInclude Include="UI.h">
      <Filter>Header Files</Filter>
    </ClInclude>
    <ClInclude Include="GoToFountain.h">
      <Filter>Header Files\Actions</Filter>
    </ClInclude>
    <ClInclude Include="StrongMelee.h">
      <Filter>Header Files\Actions\Attacks</Filter>
    </ClInclude>
    <ClInclude Include="Snipe.h">
      <Filter>Header Files\Actions\Attacks</Filter>
    </ClInclude>
    <ClInclude Include="MagicBomb.h">
      <Filter>Header Files</Filter>
    </ClInclude>
  </ItemGroup>
  <ItemGroup>
    <ClCompile Include="stdafx.cpp">
      <Filter>Source Files</Filter>
    </ClCompile>
    <ClCompile Include="Agent.cpp">
      <Filter>Source Files</Filter>
    </ClCompile>
    <ClCompile Include="Action.cpp">
      <Filter>Source Files\Actions</Filter>
    </ClCompile>
    <ClCompile Include="Camera.cpp">
      <Filter>Source Files</Filter>
    </ClCompile>
    <ClCompile Include="Attack.cpp">
      <Filter>Source Files\Actions\Attacks</Filter>
    </ClCompile>
    <ClCompile Include="PathGraph.cpp">
      <Filter>Source Files</Filter>
    </ClCompile>
    <ClCompile Include="PathFinder.cpp">
      <Filter>Source Files</Filter>
    </ClCompile>
    <ClCompile Include="main.cpp">
      <Filter>Source Files</Filter>
    </ClCompile>
    <ClCompile Include="BasicMelee.cpp">
      <Filter>Source Files\Actions\Attacks</Filter>
    </ClCompile>
    <ClCompile Include="AIApplication.cpp">
      <Filter>Source Files</Filter>
    </ClCompile>
    <ClCompile Include="Wander.cpp">
      <Filter>Source Files\Actions</Filter>
    </ClCompile>
    <ClCompile Include="BasicMagic.cpp">
      <Filter>Source Files\Actions\Attacks</Filter>
    </ClCompile>
    <ClCompile Include="Projectile.cpp">
      <Filter>Source Files</Filter>
    </ClCompile>
    <ClCompile Include="BasicRange.cpp">
      <Filter>Source Files\Actions\Attacks</Filter>
    </ClCompile>
    <ClCompile Include="Flee.cpp">
      <Filter>Source Files\Actions</Filter>
    </ClCompile>
    <ClCompile Include="Charge.cpp">
      <Filter>Source Files\Actions</Filter>
    </ClCompile>
    <ClCompile Include="Heal.cpp">
      <Filter>Source Files\Actions</Filter>
    </ClCompile>
    <ClCompile Include="Fountain.cpp">
      <Filter>Source Files</Filter>
    </ClCompile>
    <ClCompile Include="UI.cpp">
      <Filter>Source Files</Filter>
    </ClCompile>
    <ClCompile Include="GoToFountain.cpp">
      <Filter>Source Files\Actions</Filter>
    </ClCompile>
    <ClCompile Include="StrongMelee.cpp">
      <Filter>Source Files\Actions\Attacks</Filter>
    </ClCompile>
    <ClCompile Include="Snipe.cpp">
      <Filter>Source Files\Actions\Attacks</Filter>
    </ClCompile>
    <ClCompile Include="MagicBomb.cpp">
      <Filter>Source Files</Filter>
    </ClCompile>
  </ItemGroup>
</Project>